
Microsoft Visual Studio Solution File, Format Version 12.00
# Visual Studio 15
VisualStudioVersion = 15.0.27130.2027
MinimumVisualStudioVersion = 10.0.40219.1
Project("{9A19103F-16F7-4668-BE54-9A1E7A4F7556}") = "ABCBot", "src\ABCBot\ABCBot.csproj", "{3FAF13FF-D897-440D-9FA7-D2E812B534C0}"
EndProject
Project("{2150E333-8FDC-42A3-9474-1A3956D46DE8}") = "src", "src", "{EF33E05F-28E7-4B9B-91A9-41760BF27896}"
EndProject
Project("{2150E333-8FDC-42A3-9474-1A3956D46DE8}") = "test", "test", "{E554BD0E-7E6F-4110-9834-E93631767E44}"
EndProject
Project("{9A19103F-16F7-4668-BE54-9A1E7A4F7556}") = "ABCBot.Tests", "test\ABCBot.Tests\ABCBot.Tests.csproj", "{ED627D9E-4B2D-4B63-A611-611E7D8E1F1B}"
EndProject
Project("{2150E333-8FDC-42A3-9474-1A3956D46DE8}") = "Solution Items", "Solution Items", "{3540B757-095A-4BFF-9EFF-4CEF295E8491}"
	ProjectSection(SolutionItems) = preProject
		.travis.yml = .travis.yml
	EndProjectSection
EndProject
Global
	GlobalSection(SolutionConfigurationPlatforms) = preSolution
		Debug|Any CPU = Debug|Any CPU
		Release|Any CPU = Release|Any CPU
	EndGlobalSection
	GlobalSection(ProjectConfigurationPlatforms) = postSolution
		{3FAF13FF-D897-440D-9FA7-D2E812B534C0}.Debug|Any CPU.ActiveCfg = Debug|Any CPU
		{3FAF13FF-D897-440D-9FA7-D2E812B534C0}.Debug|Any CPU.Build.0 = Debug|Any CPU
		{3FAF13FF-D897-440D-9FA7-D2E812B534C0}.Release|Any CPU.ActiveCfg = Release|Any CPU
		{3FAF13FF-D897-440D-9FA7-D2E812B534C0}.Release|Any CPU.Build.0 = Release|Any CPU
		{ED627D9E-4B2D-4B63-A611-611E7D8E1F1B}.Debug|Any CPU.ActiveCfg = Debug|Any CPU
		{ED627D9E-4B2D-4B63-A611-611E7D8E1F1B}.Debug|Any CPU.Build.0 = Debug|Any CPU
		{ED627D9E-4B2D-4B63-A611-611E7D8E1F1B}.Release|Any CPU.ActiveCfg = Release|Any CPU
		{ED627D9E-4B2D-4B63-A611-611E7D8E1F1B}.Release|Any CPU.Build.0 = Release|Any CPU
	EndGlobalSection
	GlobalSection(SolutionProperties) = preSolution
		HideSolutionNode = FALSE
	EndGlobalSection
	GlobalSection(NestedProjects) = preSolution
		{3FAF13FF-D897-440D-9FA7-D2E812B534C0} = {EF33E05F-28E7-4B9B-91A9-41760BF27896}
		{ED627D9E-4B2D-4B63-A611-611E7D8E1F1B} = {E554BD0E-7E6F-4110-9834-E93631767E44}
	EndGlobalSection
	GlobalSection(ExtensibilityGlobals) = postSolution
		SolutionGuid = {750CB9D1-449E-472D-A527-6F0E557BD9A9}
	EndGlobalSection
EndGlobal
